
Microsoft Visual Studio Solution File, Format Version 12.00
# Visual Studio Version 16
VisualStudioVersion = 16.0.31515.178
MinimumVisualStudioVersion = 10.0.40219.1
Project("{FAE04EC0-301F-11D3-BF4B-00C04F79EFBC}") = "PatientAPIs", "PatientAPIs\PatientAPIs.csproj", "{52456851-9AE2-4D9E-AAF4-9D1C3C186478}"
EndProject
Global
	GlobalSection(SolutionConfigurationPlatforms) = preSolution
		Debug|Any CPU = Debug|Any CPU
		Release|Any CPU = Release|Any CPU
	EndGlobalSection
	GlobalSection(ProjectConfigurationPlatforms) = postSolution
		{52456851-9AE2-4D9E-AAF4-9D1C3C186478}.Debug|Any CPU.ActiveCfg = Debug|Any CPU
		{52456851-9AE2-4D9E-AAF4-9D1C3C186478}.Debug|Any CPU.Build.0 = Debug|Any CPU
		{52456851-9AE2-4D9E-AAF4-9D1C3C186478}.Release|Any CPU.ActiveCfg = Release|Any CPU
		{52456851-9AE2-4D9E-AAF4-9D1C3C186478}.Release|Any CPU.Build.0 = Release|Any CPU
	EndGlobalSection
	GlobalSection(SolutionProperties) = preSolution
		HideSolutionNode = FALSE
	EndGlobalSection
	GlobalSection(ExtensibilityGlobals) = postSolution
		SolutionGuid = {77D0421B-4413-4998-BA65-3DACED399C21}
	EndGlobalSection
EndGlobal
